
Microsoft Visual Studio Solution File, Format Version 12.00
# Visual Studio Version 17
VisualStudioVersion = 17.9.34723.18
MinimumVisualStudioVersion = 10.0.40219.1
Project("{FAE04EC0-301F-11D3-BF4B-00C04F79EFBC}") = "Phantom", "Phantom\Phantom.csproj", "{D6BBA820-E9F7-4DA3-A7D2-90A73871C0DA}"
EndProject
Global
	GlobalSection(SolutionConfigurationPlatforms) = preSolution
		Debug|Any CPU = Debug|Any CPU
		Debug|x64 = Debug|x64
		Release|Any CPU = Release|Any CPU
		Release|x64 = Release|x64
	EndGlobalSection
	GlobalSection(ProjectConfigurationPlatforms) = postSolution
		{D6BBA820-E9F7-4DA3-A7D2-90A73871C0DA}.Debug|Any CPU.ActiveCfg = Debug|Any CPU
		{D6BBA820-E9F7-4DA3-A7D2-90A73871C0DA}.Debug|Any CPU.Build.0 = Debug|Any CPU
		{D6BBA820-E9F7-4DA3-A7D2-90A73871C0DA}.Debug|x64.ActiveCfg = Debug|x64
		{D6BBA820-E9F7-4DA3-A7D2-90A73871C0DA}.Debug|x64.Build.0 = Debug|x64
		{D6BBA820-E9F7-4DA3-A7D2-90A73871C0DA}.Release|Any CPU.ActiveCfg = Release|Any CPU
		{D6BBA820-E9F7-4DA3-A7D2-90A73871C0DA}.Release|Any CPU.Build.0 = Release|Any CPU
		{D6BBA820-E9F7-4DA3-A7D2-90A73871C0DA}.Release|x64.ActiveCfg = Release|x64
		{D6BBA820-E9F7-4DA3-A7D2-90A73871C0DA}.Release|x64.Build.0 = Release|x64
	EndGlobalSection
	GlobalSection(SolutionProperties) = preSolution
		HideSolutionNode = FALSE
	EndGlobalSection
	GlobalSection(ExtensibilityGlobals) = postSolution
		SolutionGuid = {3818CC4F-B1C4-4CE2-B76A-1EA652D9E1B1}
	EndGlobalSection
EndGlobal
